
Microsoft Visual Studio Solution File, Format Version 12.00
# Visual Studio Version 17
VisualStudioVersion = 17.4.32912.340
MinimumVisualStudioVersion = 10.0.40219.1
Project("{2150E333-8FDC-42A3-9474-1A3956D46DE8}") = "Client", "Client", "{2C882BEC-9114-4C2D-BB75-EF5A49D4F3EE}"
EndProject
Project("{2150E333-8FDC-42A3-9474-1A3956D46DE8}") = "Server", "Server", "{A032A72A-D48F-40F8-858F-0AA0EC2875EE}"
EndProject
Project("{2150E333-8FDC-42A3-9474-1A3956D46DE8}") = "Documentation", "Documentation", "{644CB889-EBC3-4351-95F8-C12351AD947F}"
	ProjectSection(SolutionItems) = preProject
		docs\README.md = docs\README.md
	EndProjectSection
EndProject
Project("{2150E333-8FDC-42A3-9474-1A3956D46DE8}") = "Source", "Source", "{DBB9FC1D-4951-4695-BC5C-1B7CB8CDD36F}"
EndProject
Project("{FAE04EC0-301F-11D3-BF4B-00C04F79EFBC}") = "ServerLauncher", "src\Server\ServerLauncher.csproj", "{52DEBCC2-2ED0-4B21-8612-7E9CF7E3850D}"
EndProject
Project("{FAE04EC0-301F-11D3-BF4B-00C04F79EFBC}") = "ClientLauncher", "src\Client\ClientLauncher.csproj", "{EBC0233E-F9F2-4B60-B145-143CD650A63B}"
EndProject
Global
	GlobalSection(SolutionConfigurationPlatforms) = preSolution
		Debug|Any CPU = Debug|Any CPU
		Launch Server|Any CPU = Launch Server|Any CPU
		Package|Any CPU = Package|Any CPU
		Release|Any CPU = Release|Any CPU
	EndGlobalSection
	GlobalSection(ProjectConfigurationPlatforms) = postSolution
		{52DEBCC2-2ED0-4B21-8612-7E9CF7E3850D}.Debug|Any CPU.ActiveCfg = Debug|Any CPU
		{52DEBCC2-2ED0-4B21-8612-7E9CF7E3850D}.Debug|Any CPU.Build.0 = Debug|Any CPU
		{52DEBCC2-2ED0-4B21-8612-7E9CF7E3850D}.Launch Server|Any CPU.ActiveCfg = Launch Server|Any CPU
		{52DEBCC2-2ED0-4B21-8612-7E9CF7E3850D}.Launch Server|Any CPU.Build.0 = Launch Server|Any CPU
		{52DEBCC2-2ED0-4B21-8612-7E9CF7E3850D}.Package|Any CPU.ActiveCfg = Package|Any CPU
		{52DEBCC2-2ED0-4B21-8612-7E9CF7E3850D}.Package|Any CPU.Build.0 = Package|Any CPU
		{52DEBCC2-2ED0-4B21-8612-7E9CF7E3850D}.Release|Any CPU.ActiveCfg = Release|Any CPU
		{52DEBCC2-2ED0-4B21-8612-7E9CF7E3850D}.Release|Any CPU.Build.0 = Release|Any CPU
		{EBC0233E-F9F2-4B60-B145-143CD650A63B}.Debug|Any CPU.ActiveCfg = Debug|Any CPU
		{EBC0233E-F9F2-4B60-B145-143CD650A63B}.Debug|Any CPU.Build.0 = Debug|Any CPU
		{EBC0233E-F9F2-4B60-B145-143CD650A63B}.Launch Server|Any CPU.ActiveCfg = Launch Server|Any CPU
		{EBC0233E-F9F2-4B60-B145-143CD650A63B}.Launch Server|Any CPU.Build.0 = Launch Server|Any CPU
		{EBC0233E-F9F2-4B60-B145-143CD650A63B}.Package|Any CPU.ActiveCfg = Package|Any CPU
		{EBC0233E-F9F2-4B60-B145-143CD650A63B}.Package|Any CPU.Build.0 = Package|Any CPU
		{EBC0233E-F9F2-4B60-B145-143CD650A63B}.Release|Any CPU.ActiveCfg = Release|Any CPU
		{EBC0233E-F9F2-4B60-B145-143CD650A63B}.Release|Any CPU.Build.0 = Release|Any CPU
	EndGlobalSection
	GlobalSection(SolutionProperties) = preSolution
		HideSolutionNode = FALSE
	EndGlobalSection
	GlobalSection(NestedProjects) = preSolution
		{2C882BEC-9114-4C2D-BB75-EF5A49D4F3EE} = {DBB9FC1D-4951-4695-BC5C-1B7CB8CDD36F}
		{A032A72A-D48F-40F8-858F-0AA0EC2875EE} = {DBB9FC1D-4951-4695-BC5C-1B7CB8CDD36F}
		{52DEBCC2-2ED0-4B21-8612-7E9CF7E3850D} = {A032A72A-D48F-40F8-858F-0AA0EC2875EE}
		{EBC0233E-F9F2-4B60-B145-143CD650A63B} = {2C882BEC-9114-4C2D-BB75-EF5A49D4F3EE}
	EndGlobalSection
	GlobalSection(ExtensibilityGlobals) = postSolution
		SolutionGuid = {DA71C1BB-DEF1-4157-9113-46DDCABB4604}
	EndGlobalSection
EndGlobal
